
Microsoft Visual Studio Solution File, Format Version 12.00
# Visual Studio 15
Project("{FAE04EC0-301F-11D3-BF4B-00C04F79EFBC}") = "animalList", "animalList\animalList.csproj", "{BC361599-1863-4B0A-9578-F19B18D05DAE}"
EndProject
Global
	GlobalSection(SolutionConfigurationPlatforms) = preSolution
		Debug|Any CPU = Debug|Any CPU
		Release|Any CPU = Release|Any CPU
	EndGlobalSection
	GlobalSection(ProjectConfigurationPlatforms) = postSolution
		{BC361599-1863-4B0A-9578-F19B18D05DAE}.Debug|Any CPU.ActiveCfg = Debug|Any CPU
		{BC361599-1863-4B0A-9578-F19B18D05DAE}.Debug|Any CPU.Build.0 = Debug|Any CPU
		{BC361599-1863-4B0A-9578-F19B18D05DAE}.Release|Any CPU.ActiveCfg = Release|Any CPU
		{BC361599-1863-4B0A-9578-F19B18D05DAE}.Release|Any CPU.Build.0 = Release|Any CPU
	EndGlobalSection
EndGlobal
